
Microsoft Visual Studio Solution File, Format Version 12.00
# Visual Studio Version 16
VisualStudioVersion = 16.0.29519.181
MinimumVisualStudioVersion = 10.0.40219.1
Project("{2150E333-8FDC-42A3-9474-1A3956D46DE8}") = "src", "src", "{D437498C-6293-4860-982B-5C294E497BC0}"
EndProject
Project("{2150E333-8FDC-42A3-9474-1A3956D46DE8}") = "Distributing", "Distributing", "{02B3A6E3-01EA-472B-A9B8-5181C5A035BB}"
EndProject
Project("{2150E333-8FDC-42A3-9474-1A3956D46DE8}") = "Web Apps", "Web Apps", "{7DDDE5D1-8518-41FF-8D4F-06FD4034C1E0}"
EndProject
Project("{9A19103F-16F7-4668-BE54-9A1E7A4F7556}") = "WebMVC", "src\Web\WebMVC\WebMVC.csproj", "{2CD2D202-0849-4A1E-8401-1D17B1D82E50}"
EndProject
Project("{E53339B2-1760-4266-BCC7-CA923CBCF16C}") = "docker-compose", "docker-compose.dcproj", "{DA4FC48B-8172-440E-A5A2-5C54E647A796}"
EndProject
Project("{2150E333-8FDC-42A3-9474-1A3956D46DE8}") = "BuildingBlocks", "BuildingBlocks", "{78904F50-017F-4BA1-8327-60E667AB7A97}"
EndProject
Project("{2150E333-8FDC-42A3-9474-1A3956D46DE8}") = "WebHost", "WebHost", "{361802B7-7632-4BE9-B211-884076142116}"
EndProject
Project("{9A19103F-16F7-4668-BE54-9A1E7A4F7556}") = "WebHost.Customization", "src\BuildingBlocks\WebHostCustomization\WebHost.Customization\WebHost.Customization.csproj", "{091DF2FE-6142-4BAB-8080-ACD9110A4AD6}"
EndProject
Project("{9A19103F-16F7-4668-BE54-9A1E7A4F7556}") = "Distributing.Domain", "src\Distributing\Distributing.Domain\Distributing.Domain.csproj", "{DADFF081-D231-4F76-A780-E9F7F5C00017}"
EndProject
Project("{9A19103F-16F7-4668-BE54-9A1E7A4F7556}") = "Distributing.Infrastructure", "src\Distributing\Distributing.Infrastructure\Distributing.Infrastructure.csproj", "{C57C1292-FBEC-4AD0-B628-2F97BEE0B1AD}"
EndProject
Project("{2150E333-8FDC-42A3-9474-1A3956D46DE8}") = "Pairing", "Pairing", "{535586FA-71C7-4950-8FE9-D581829740A8}"
EndProject
Project("{9A19103F-16F7-4668-BE54-9A1E7A4F7556}") = "Pairing.Domain", "src\Pairing\Pairing.Domain\Pairing.Domain.csproj", "{C997BFDF-07EB-49D7-900E-C50887835A0F}"
EndProject
Project("{9A19103F-16F7-4668-BE54-9A1E7A4F7556}") = "Pairing.Infrastructure", "src\Pairing\Pairing.Infrastructure\Pairing.Infrastructure.csproj", "{39CBCE63-62E0-4183-A657-DB8AA8DF862E}"
EndProject
Project("{2150E333-8FDC-42A3-9474-1A3956D46DE8}") = "Solution Items", "Solution Items", "{EAEF8D36-D949-476F-9748-C8023FD0E70C}"
	ProjectSection(SolutionItems) = preProject
		.editorconfig = .editorconfig
	EndProjectSection
EndProject
Project("{2150E333-8FDC-42A3-9474-1A3956D46DE8}") = "Ordering", "Ordering", "{048024A5-31A9-440E-A297-56374DC1FD67}"
EndProject
Project("{9A19103F-16F7-4668-BE54-9A1E7A4F7556}") = "Ordering.Domain", "src\Ordering\Ordering.Domain\Ordering.Domain.csproj", "{AE81560F-F3E2-4EEC-A302-437897109114}"
EndProject
Project("{9A19103F-16F7-4668-BE54-9A1E7A4F7556}") = "Ordering.Infrastructure", "src\Ordering\Ordering.Infrastructure\Ordering.Infrastructure.csproj", "{8309B26F-17E0-4CEA-A4A3-CB7420D5A25F}"
EndProject
Project("{2150E333-8FDC-42A3-9474-1A3956D46DE8}") = "Nginx", "Nginx", "{271D7B1E-73BD-42F0-8EC4-59BE705BD1E7}"
	ProjectSection(SolutionItems) = preProject
		src\Nginx\localhost.conf = src\Nginx\localhost.conf
		src\Nginx\localhost.pfx = src\Nginx\localhost.pfx
		src\Nginx\nginx.conf = src\Nginx\nginx.conf
		src\Nginx\Nginx.Dockerfile = src\Nginx\Nginx.Dockerfile
	EndProjectSection
EndProject
Project("{2150E333-8FDC-42A3-9474-1A3956D46DE8}") = "BackgroundServices", "BackgroundServices", "{2A537AB8-9D89-44E1-A4DD-043DB7A9E870}"
EndProject
Project("{9A19103F-16F7-4668-BE54-9A1E7A4F7556}") = "WebWorkerService", "src\BackgroundServices\WebWorkerService\WebWorkerService.csproj", "{49443390-0613-489E-A144-DDD9FCAD6F7F}"
EndProject
Project("{FAE04EC0-301F-11D3-BF4B-00C04F79EFBC}") = "WebMVC.Model", "src\Web\WebMVC.Model\WebMVC.Model.csproj", "{90521B50-9A3A-4873-AF7F-A76B3A77DACD}"
EndProject
Project("{FAE04EC0-301F-11D3-BF4B-00C04F79EFBC}") = "WebMVC.Data", "src\Web\WebMVC.Data\WebMVC.Data.csproj", "{F35184B7-972B-4514-A5BC-15AE843EDAFE}"
EndProject
Global
	GlobalSection(SolutionConfigurationPlatforms) = preSolution
		Debug|Any CPU = Debug|Any CPU
		Release|Any CPU = Release|Any CPU
	EndGlobalSection
	GlobalSection(ProjectConfigurationPlatforms) = postSolution
		{2CD2D202-0849-4A1E-8401-1D17B1D82E50}.Debug|Any CPU.ActiveCfg = Debug|Any CPU
		{2CD2D202-0849-4A1E-8401-1D17B1D82E50}.Debug|Any CPU.Build.0 = Debug|Any CPU
		{2CD2D202-0849-4A1E-8401-1D17B1D82E50}.Release|Any CPU.ActiveCfg = Release|Any CPU
		{2CD2D202-0849-4A1E-8401-1D17B1D82E50}.Release|Any CPU.Build.0 = Release|Any CPU
		{DA4FC48B-8172-440E-A5A2-5C54E647A796}.Debug|Any CPU.ActiveCfg = Debug|Any CPU
		{DA4FC48B-8172-440E-A5A2-5C54E647A796}.Debug|Any CPU.Build.0 = Debug|Any CPU
		{DA4FC48B-8172-440E-A5A2-5C54E647A796}.Release|Any CPU.ActiveCfg = Release|Any CPU
		{DA4FC48B-8172-440E-A5A2-5C54E647A796}.Release|Any CPU.Build.0 = Release|Any CPU
		{091DF2FE-6142-4BAB-8080-ACD9110A4AD6}.Debug|Any CPU.ActiveCfg = Debug|Any CPU
		{091DF2FE-6142-4BAB-8080-ACD9110A4AD6}.Debug|Any CPU.Build.0 = Debug|Any CPU
		{091DF2FE-6142-4BAB-8080-ACD9110A4AD6}.Release|Any CPU.ActiveCfg = Release|Any CPU
		{091DF2FE-6142-4BAB-8080-ACD9110A4AD6}.Release|Any CPU.Build.0 = Release|Any CPU
		{DADFF081-D231-4F76-A780-E9F7F5C00017}.Debug|Any CPU.ActiveCfg = Debug|Any CPU
		{DADFF081-D231-4F76-A780-E9F7F5C00017}.Debug|Any CPU.Build.0 = Debug|Any CPU
		{DADFF081-D231-4F76-A780-E9F7F5C00017}.Release|Any CPU.ActiveCfg = Release|Any CPU
		{DADFF081-D231-4F76-A780-E9F7F5C00017}.Release|Any CPU.Build.0 = Release|Any CPU
		{C57C1292-FBEC-4AD0-B628-2F97BEE0B1AD}.Debug|Any CPU.ActiveCfg = Debug|Any CPU
		{C57C1292-FBEC-4AD0-B628-2F97BEE0B1AD}.Debug|Any CPU.Build.0 = Debug|Any CPU
		{C57C1292-FBEC-4AD0-B628-2F97BEE0B1AD}.Release|Any CPU.ActiveCfg = Release|Any CPU
		{C57C1292-FBEC-4AD0-B628-2F97BEE0B1AD}.Release|Any CPU.Build.0 = Release|Any CPU
		{C997BFDF-07EB-49D7-900E-C50887835A0F}.Debug|Any CPU.ActiveCfg = Debug|Any CPU
		{C997BFDF-07EB-49D7-900E-C50887835A0F}.Debug|Any CPU.Build.0 = Debug|Any CPU
		{C997BFDF-07EB-49D7-900E-C50887835A0F}.Release|Any CPU.ActiveCfg = Release|Any CPU
		{C997BFDF-07EB-49D7-900E-C50887835A0F}.Release|Any CPU.Build.0 = Release|Any CPU
		{39CBCE63-62E0-4183-A657-DB8AA8DF862E}.Debug|Any CPU.ActiveCfg = Debug|Any CPU
		{39CBCE63-62E0-4183-A657-DB8AA8DF862E}.Debug|Any CPU.Build.0 = Debug|Any CPU
		{39CBCE63-62E0-4183-A657-DB8AA8DF862E}.Release|Any CPU.ActiveCfg = Release|Any CPU
		{39CBCE63-62E0-4183-A657-DB8AA8DF862E}.Release|Any CPU.Build.0 = Release|Any CPU
		{AE81560F-F3E2-4EEC-A302-437897109114}.Debug|Any CPU.ActiveCfg = Debug|Any CPU
		{AE81560F-F3E2-4EEC-A302-437897109114}.Debug|Any CPU.Build.0 = Debug|Any CPU
		{AE81560F-F3E2-4EEC-A302-437897109114}.Release|Any CPU.ActiveCfg = Release|Any CPU
		{AE81560F-F3E2-4EEC-A302-437897109114}.Release|Any CPU.Build.0 = Release|Any CPU
		{8309B26F-17E0-4CEA-A4A3-CB7420D5A25F}.Debug|Any CPU.ActiveCfg = Debug|Any CPU
		{8309B26F-17E0-4CEA-A4A3-CB7420D5A25F}.Debug|Any CPU.Build.0 = Debug|Any CPU
		{8309B26F-17E0-4CEA-A4A3-CB7420D5A25F}.Release|Any CPU.ActiveCfg = Release|Any CPU
		{8309B26F-17E0-4CEA-A4A3-CB7420D5A25F}.Release|Any CPU.Build.0 = Release|Any CPU
		{49443390-0613-489E-A144-DDD9FCAD6F7F}.Debug|Any CPU.ActiveCfg = Debug|Any CPU
		{49443390-0613-489E-A144-DDD9FCAD6F7F}.Debug|Any CPU.Build.0 = Debug|Any CPU
		{49443390-0613-489E-A144-DDD9FCAD6F7F}.Release|Any CPU.ActiveCfg = Release|Any CPU
		{49443390-0613-489E-A144-DDD9FCAD6F7F}.Release|Any CPU.Build.0 = Release|Any CPU
		{90521B50-9A3A-4873-AF7F-A76B3A77DACD}.Debug|Any CPU.ActiveCfg = Debug|Any CPU
		{90521B50-9A3A-4873-AF7F-A76B3A77DACD}.Debug|Any CPU.Build.0 = Debug|Any CPU
		{90521B50-9A3A-4873-AF7F-A76B3A77DACD}.Release|Any CPU.ActiveCfg = Release|Any CPU
		{90521B50-9A3A-4873-AF7F-A76B3A77DACD}.Release|Any CPU.Build.0 = Release|Any CPU
		{F35184B7-972B-4514-A5BC-15AE843EDAFE}.Debug|Any CPU.ActiveCfg = Debug|Any CPU
		{F35184B7-972B-4514-A5BC-15AE843EDAFE}.Debug|Any CPU.Build.0 = Debug|Any CPU
		{F35184B7-972B-4514-A5BC-15AE843EDAFE}.Release|Any CPU.ActiveCfg = Release|Any CPU
		{F35184B7-972B-4514-A5BC-15AE843EDAFE}.Release|Any CPU.Build.0 = Release|Any CPU
	EndGlobalSection
	GlobalSection(SolutionProperties) = preSolution
		HideSolutionNode = FALSE
	EndGlobalSection
	GlobalSection(NestedProjects) = preSolution
		{02B3A6E3-01EA-472B-A9B8-5181C5A035BB} = {D437498C-6293-4860-982B-5C294E497BC0}
		{7DDDE5D1-8518-41FF-8D4F-06FD4034C1E0} = {D437498C-6293-4860-982B-5C294E497BC0}
		{2CD2D202-0849-4A1E-8401-1D17B1D82E50} = {7DDDE5D1-8518-41FF-8D4F-06FD4034C1E0}
		{78904F50-017F-4BA1-8327-60E667AB7A97} = {D437498C-6293-4860-982B-5C294E497BC0}
		{361802B7-7632-4BE9-B211-884076142116} = {78904F50-017F-4BA1-8327-60E667AB7A97}
		{091DF2FE-6142-4BAB-8080-ACD9110A4AD6} = {361802B7-7632-4BE9-B211-884076142116}
		{DADFF081-D231-4F76-A780-E9F7F5C00017} = {02B3A6E3-01EA-472B-A9B8-5181C5A035BB}
		{C57C1292-FBEC-4AD0-B628-2F97BEE0B1AD} = {02B3A6E3-01EA-472B-A9B8-5181C5A035BB}
		{535586FA-71C7-4950-8FE9-D581829740A8} = {D437498C-6293-4860-982B-5C294E497BC0}
		{C997BFDF-07EB-49D7-900E-C50887835A0F} = {535586FA-71C7-4950-8FE9-D581829740A8}
		{39CBCE63-62E0-4183-A657-DB8AA8DF862E} = {535586FA-71C7-4950-8FE9-D581829740A8}
		{048024A5-31A9-440E-A297-56374DC1FD67} = {D437498C-6293-4860-982B-5C294E497BC0}
		{AE81560F-F3E2-4EEC-A302-437897109114} = {048024A5-31A9-440E-A297-56374DC1FD67}
		{8309B26F-17E0-4CEA-A4A3-CB7420D5A25F} = {048024A5-31A9-440E-A297-56374DC1FD67}
		{271D7B1E-73BD-42F0-8EC4-59BE705BD1E7} = {D437498C-6293-4860-982B-5C294E497BC0}
		{2A537AB8-9D89-44E1-A4DD-043DB7A9E870} = {D437498C-6293-4860-982B-5C294E497BC0}
		{49443390-0613-489E-A144-DDD9FCAD6F7F} = {2A537AB8-9D89-44E1-A4DD-043DB7A9E870}
		{90521B50-9A3A-4873-AF7F-A76B3A77DACD} = {7DDDE5D1-8518-41FF-8D4F-06FD4034C1E0}
		{F35184B7-972B-4514-A5BC-15AE843EDAFE} = {7DDDE5D1-8518-41FF-8D4F-06FD4034C1E0}
	EndGlobalSection
	GlobalSection(ExtensibilityGlobals) = postSolution
		SolutionGuid = {F225523B-C407-4A77-9907-243D662AE1BA}
	EndGlobalSection
EndGlobal
